github.com/davecgh/go-spew v1.1.1 h1:vj9j/u1bqnvCEfJOwUhtlOARqs3+rkHYY13jYWTU97c=
github.com/davecgh/go-spew v1.1.1/go.mod h1:J7Y8YcW2NihsgmVo/mv3lAwl/skON4iLHjSsI+c5H38=
github.com/pmezard/go-difflib v1.0.0 h1:4DBwDE0NGyQoBHbLQYPwSUPoCMWR5BEzIk/f1lZbAQM=
github.com/pmezard/go-difflib v1.0.0/go.mod h1:iKH77koFhYxTK1pcRnkKkqfTogsbg7gZNVY4sRDYZ/4=
github.com/skiff-sh/api/go v0.0.0-20251209235135-958b4a9deb61 h1:0FoWfTI8Iw1k83hu9f57fn6ntnDD/i0B9htTT3xoRN8=
github.com/skiff-sh/api/go v0.0.0-20251209235135-958b4a9deb61/go.mod h1:BmmyarVPe5+g2YL40UtT104v08yCyoE0JDaxpPqK+sE=
github.com/skiff-sh/api/go v0.0.0-20251218234142-a54909c7434e h1:Yr0Iw/y4z0OH/p70kmbze3LYzF+aOxY73ckOLplEcWQ=
github.com/skiff-sh/api/go v0.0.0-20251218234142-a54909c7434e/go.mod h1:BmmyarVPe5+g2YL40UtT104v08yCyoE0JDaxpPqK+sE=
github.com/skiff-sh/api/go v0.0.0-20251219235528-3c9f4f46fa05 h1:npzdZO4XQ8MWEJnBNjt2sHABnDWcSNOGcPwo68R4LTE=
github.com/skiff-sh/api/go v0.0.0-20251219235528-3c9f4f46fa05/go.mod h1:BmmyarVPe5+g2YL40UtT104v08yCyoE0JDaxpPqK+sE=
github.com/skiff-sh/api/go v0.0.0-20251230222409-46c695a6bc70 h1:tTLCl2yeL9uxpA+aFds7xOVKmbMj3mIlenIIvdq1PE8=
github.com/skiff-sh/api/go v0.0.0-20251230222409-46c695a6bc70/go.mod h1:BmmyarVPe5+g2YL40UtT104v08yCyoE0JDaxpPqK+sE=
github.com/skiff-sh/api/go v0.0.0-20260101044018-29ce3320cc64 h1:gU3AUK3h2is7Gjcu80X/9s4HS7RtPsQH400VR2thRZM=
github.com/skiff-sh/api/go v0.0.0-20260101044018-29ce3320cc64/go.mod h1:BmmyarVPe5+g2YL40UtT104v08yCyoE0JDaxpPqK+sE=
github.com/skiff-sh/api/go v0.0.0-20260102051110-0a5134a73c5d h1:MYnA5/uyViLRoRoDwNVo2ICLALQUCnTsfmMjhkSWMqc=
github.com/skiff-sh/api/go v0.0.0-20260102051110-0a5134a73c5d/go.mod h1:BmmyarVPe5+g2YL40UtT104v08yCyoE0JDaxpPqK+sE=
github.com/skiff-sh/api/go v0.0.0-20260103061752-0392f19b71e4 h1:7kgiy2UKgOmwRmyCkHm/+QMPSfqV+yvV18z+DvM8NMY=
github.com/skiff-sh/api/go v0.0.0-20260103061752-0392f19b71e4/go.mod h1:BmmyarVPe5+g2YL40UtT104v08yCyoE0JDaxpPqK+sE=
github.com/skiff-sh/sdk-go v0.0.0-20251211011239-f944c99006d7 h1:PPr83FgBl8l8Yz5aNCzlrDUrxCHSFQU0dCJb2KQjtrs=
github.com/skiff-sh/sdk-go v0.0.0-20251211011239-f944c99006d7/go.mod h1:8C0nnkx9pLIuV0CU7qeqkFs00UoT622ZD594ejIGpHg=
github.com/skiff-sh/sdk-go v0.0.0-20251218234652-cc4f59cad08b h1:PFlJL/EGaRc976HK5PFhJ7B0ZIVYjIyisutI+GO8YRM=
github.com/skiff-sh/sdk-go v0.0.0-20251218234652-cc4f59cad08b/go.mod h1:Al8g6JDIguJ3eqEd8HW4Dqt748eSzs8fuLuobvoo8H0=
github.com/stretchr/objx v0.5.2 h1:xuMeJ0Sdp5ZMRXx/aWO6RZxdr3beISkG5/G/aIRr3pY=
github.com/stretchr/objx v0.5.2/go.mod h1:FRsXN1f5AsAjCGJKqEizvkpNtU+EGNCLh3NxZ/8L+MA=
github.com/stretchr/testify v1.11.1 h1:7s2iGBzp5EwR7/aIZr8ao5+dra3wiQyKjjFuvgVKu7U=
github.com/stretchr/testify v1.11.1/go.mod h1:wZwfW3scLgRK+23gO65QZefKpKQRnfz6sD981Nm4B6U=
golang.org/x/text v0.32.0 h1:ZD01bjUt1FQ9WJ0ClOL5vxgxOI/sVCNgX1YtKwcY0mU=
golang.org/x/text v0.32.0/go.mod h1:o/rUWzghvpD5TXrTIBuJU77MTaN0ljMWE47kxGJQ7jY=
gopkg.in/check.v1 v0.0.0-20161208181325-20d25e280405 h1:yhCVgyC4o1eVCa2tZl7eS0r+SDo693bJlVdllGtEeKM=
gopkg.in/check.v1 v0.0.0-20161208181325-20d25e280405/go.mod h1:Co6ibVJAznAaIkqp8huTwlJQCZ016jof/cbN4VW5Yz0=
gopkg.in/yaml.v3 v3.0.1 h1:fxVm/GzAzEWqLHuvctI91KS9hhNmmWOoWu0XTYJS7CA=
gopkg.in/yaml.v3 v3.0.1/go.mod h1:K4uyk7z7BCEPqu6E+C64Yfv1cQ7kz7rIZviUmN+EgEM=
