buf.build/gen/go/bufbuild/protovalidate/protocolbuffers/go v1.36.10-20250912141014-52f32327d4b0.1 h1:31on4W/yPcV4nZHL4+UCiCvLPsMqe/vJcNg8Rci0scc=
buf.build/gen/go/bufbuild/protovalidate/protocolbuffers/go v1.36.10-20250912141014-52f32327d4b0.1/go.mod h1:fUl8CEN/6ZAMk6bP8ahBJPUJw7rbp+j4x+wCcYi2IG4=
github.com/google/go-cmp v0.7.0 h1:wk8382ETsv4JYUZwIsn6YpYiWiBsYLSJiTsyBybVuN8=
github.com/google/go-cmp v0.7.0/go.mod h1:pXiqmnSA92OHEEa9HXL2W4E7lf9JzCmGVUdgjX3N/iU=
github.com/skiff-sh/skiff/api/go v0.0.0-20251124224920-1168d4d63dc6 h1:lrRSqtKcCkSbxDJ+OXE/8syouA15Kr35jBU2m3ABwBQ=
github.com/skiff-sh/skiff/api/go v0.0.0-20251124224920-1168d4d63dc6/go.mod h1:8udSeJq1KuANWcfxb5LryQHUgag3t0mCCKXWouijnDg=
google.golang.org/protobuf v1.36.10 h1:AYd7cD/uASjIL6Q9LiTjz8JLcrh/88q5UObnmY3aOOE=
google.golang.org/protobuf v1.36.10/go.mod h1:HTf+CrKn2C3g5S8VImy6tdcUvCska2kB7j23XfzDpco=
